{
  "name": "@vanillawc/wc-codemirror",
  "version": "0.0.0",
  "lockfileVersion": 1,
  "requires": true,
  "dependencies": {
    "codemirror": {
      "version": "5.49.2",
      "resolved": "https://registry.npmjs.org/codemirror/-/codemirror-5.49.2.tgz",
      "integrity": "sha512-dwJ2HRPHm8w51WB5YTF9J7m6Z5dtkqbU9ntMZ1dqXyFB9IpjoUFDj80ahRVEoVanfIp6pfASJbOlbWdEf8FOzQ==",
      "dev": true
    }
  }
}
